{
  "version": 1,
  "dependencies": {
    "net10.0-windows7.0": {
      "DalamudPackager": {
        "type": "Direct",
        "requested": "[14.0.0, )",
        "resolved": "14.0.0",
        "contentHash": "9c1q/eAeAs82mkQWBOaCvbt3GIQxAIadz5b/7pCXDIy9nHPtnRc+tDXEvKR+M36Wvi7n+qBTevRupkLUQp6DFA=="
      },
      "DotNet.ReproducibleBuilds": {
        "type": "Direct",
        "requested": "[1.2.39, )",
        "resolved": "1.2.39",
        "contentHash": "fcFN01tDTIQqDuTwr1jUQK/geofiwjG5DycJQOnC72i1SsLAk1ELe+apBOuZ11UMQG8YKFZG1FgvjZPbqHyatg=="
      },
      "MathNet.Numerics": {
        "type": "Direct",
        "requested": "[5.0.0, )",
        "resolved": "5.0.0",
        "contentHash": "pg1W2VwaEQMAiTpGK840hZgzavnqjlCMTVSbtVCXVyT+7AX4mc1o89SPv4TBlAjhgCOo9c1Y+jZ5m3ti2YgGgA=="
      },
      "Meziantou.Analyzer": {
        "type": "Direct",
        "requested": "[2.0.199, )",
        "resolved": "2.0.199",
        "contentHash": "y8oRrTLDBw1b10pWci/PnFoahdIMflNSlVheL9kzUylAASnoJPFyvuyaNXcrbOTNOEk1aMLFRr1mSX/xvYR15g=="
      },
      "DotNext": {
        "type": "Transitive",
        "resolved": "5.21.0",
        "contentHash": "fU63OJVSDSsOl6adjNM8e5zmyhdZkX2ztvmSeW6lBjFdvFG8ZwMOrJ+L8Ih/2yKr0cuaV8PNwnhDrlS4MFf14A==",
        "dependencies": {
          "System.IO.Hashing": "8.0.0"
        }
      },
      "Raphael.Net": {
        "type": "Transitive",
        "resolved": "3.0.0",
        "contentHash": "9yY+jR2gddw52HtShBL/JikQ4gZa8lxFYSUIi2y510HLsaK86iqtuRgrv8/akrHR66QRWEPtmHXyehW1hrmP9Q=="
      },
      "System.IO.Hashing": {
        "type": "Transitive",
        "resolved": "8.0.0",
        "contentHash": "ne1843evDugl0md7Fjzy6QjJrzsjh46ZKbhf8GwBXb5f/gw97J4bxMs0NQKifDuThh/f0bZ0e62NPl1jzTuRqA=="
      },
      "craftimizercn.simulator": {
        "type": "Project"
      },
      "craftimizercn.solver": {
        "type": "Project",
        "dependencies": {
          "CraftimizerCN.Simulator": "[1.0.0, )",
          "DotNext": "[5.21.0, )",
          "Raphael.Net": "[3.0.0, )"
        }
      }
    },
    "net10.0-windows7.0/win-x64": {
      "Raphael.Net": {
        "type": "Transitive",
        "resolved": "3.0.0",
        "contentHash": "9yY+jR2gddw52HtShBL/JikQ4gZa8lxFYSUIi2y510HLsaK86iqtuRgrv8/akrHR66QRWEPtmHXyehW1hrmP9Q=="
      }
    }
  }
}